# THIS IS AN AUTOGENERATED FILE. DO NOT EDIT THIS FILE DIRECTLY.
# yarn lockfile v1


"@types/lodash@^4.14.149":
  version "4.14.149"
  resolved "https://registry.yarnpkg.com/@types/lodash/-/lodash-4.14.149.tgz#1342d63d948c6062838fbf961012f74d4e638440"
  integrity sha512-ijGqzZt/b7BfzcK9vTrS6MFljQRPn5BFWOx8oE0GYxribu6uV+aA9zZuXI1zc/etK9E8nrgdoF2+LgUw7+9tJQ==

"@types/screeps@^3.0.0":
  version "3.0.0"
  resolved "https://registry.yarnpkg.com/@types/screeps/-/screeps-3.0.0.tgz#53e11cfd0d6a9de9ac32de3d3a215a4b43da9f38"
  integrity sha512-mQRpLIAqBopoy20ecR8f0Z5j4Y2UpcIhMd9KbKlWqO3anrxUmasc75C910X7OAzJtl4A71/nsTk7XfRa+Gw3Hw==

eslint-config-screeps@^1.1.1:
  version "1.1.1"
  resolved "https://registry.yarnpkg.com/eslint-config-screeps/-/eslint-config-screeps-1.1.1.tgz#70af4645d5bba972482dedf36d91070928f731a5"
  integrity sha1-cK9GRdW7qXJILe3zbZEHCSj3MaU=

eslint-plugin-screeps@^2.0.0:
  version "2.0.0"
  resolved "https://registry.yarnpkg.com/eslint-plugin-screeps/-/eslint-plugin-screeps-2.0.0.tgz#b011a68405c79be6f5ba69f5e72ae4d790540edd"
  integrity sha512-6m+1dOwkRGPra70wEIBZkDiqy2sYGIfkEoklWNjUMn8izISD56wuOYEChaCoMiCc4DvUN3SzOzL2PJxD1qpMig==

tern-screeps@^0.0.4:
  version "0.0.4"
  resolved "https://registry.yarnpkg.com/tern-screeps/-/tern-screeps-0.0.4.tgz#e2ff49f998a94936280e6e10b4e65ce18c5e8da6"
  integrity sha512-/JACxtspZgJyxM44BfHY6foAXQQETlbr4eq5Ve1RBP2GP2kslFUHmX7C7qT9rFVkCdmPaKhYUWK73d4YJjiUCw==
